{
  "name": "CRM",
  "lockfileVersion": 3,
  "requires": true,
  "packages": {
    "": {
      "devDependencies": {
        "xrm-mock": "^3.5.9"
      }
    },
    "node_modules/xrm-mock": {
      "version": "3.5.9",
      "resolved": "https://registry.npmjs.org/xrm-mock/-/xrm-mock-3.5.9.tgz",
      "integrity": "sha512-+A9Er2qFqeU97PkmxZfVFjEVIQtlC/zks6i8gbjnRXO5fowcpwVZ1zfY4ui/LSGUGTXZUCXC74B8Sl1QKEu5SQ==",
      "dev": true
    }
  }
}
