{
  "name": "CRM",
  "lockfileVersion": 3,
  "requires": true,
  "packages": {
    "": {
      "dependencies": {
        "@types/xrm": "^9.0.73"
      },
      "devDependencies": {
        "typescript": "^5.1.6",
        "xrm-mock": "^3.5.9"
      }
    },
    "node_modules/@types/xrm": {
      "version": "9.0.73",
      "resolved": "https://registry.npmjs.org/@types/xrm/-/xrm-9.0.73.tgz",
      "integrity": "sha512-3w/qsU74cyPGCO4BJe8vT/6i3BjX4Lga3XoZNuBPPlGxJatUVZXLuX5UfhBJBRCVRDl91tbWf/5yCHK3ftIViQ=="
    },
    "node_modules/typescript": {
      "version": "5.1.6",
      "resolved": "https://registry.npmjs.org/typescript/-/typescript-5.1.6.tgz",
      "integrity": "sha512-zaWCozRZ6DLEWAWFrVDz1H6FVXzUSfTy5FUMWsQlU8Ym5JP9eO4xkTIROFCQvhQf61z6O/G6ugw3SgAnvvm+HA==",
      "dev": true,
      "bin": {
        "tsc": "bin/tsc",
        "tsserver": "bin/tsserver"
      },
      "engines": {
        "node": ">=14.17"
      }
    },
    "node_modules/xrm-mock": {
      "version": "3.5.9",
      "resolved": "https://registry.npmjs.org/xrm-mock/-/xrm-mock-3.5.9.tgz",
      "integrity": "sha512-+A9Er2qFqeU97PkmxZfVFjEVIQtlC/zks6i8gbjnRXO5fowcpwVZ1zfY4ui/LSGUGTXZUCXC74B8Sl1QKEu5SQ==",
      "dev": true
    }
  }
}
